
Microsoft Visual Studio Solution File, Format Version 12.00
# Visual Studio 14
VisualStudioVersion = 14.0.22823.1
MinimumVisualStudioVersion = 10.0.40219.1
Project("{FAE04EC0-301F-11D3-BF4B-00C04F79EFBC}") = "BD_CIBCM", "BD_CIBCM\BD_CIBCM.csproj", "{429728B3-C6F8-41FE-8FD6-3EAC1245EFC0}"
EndProject
Project("{2150E333-8FDC-42A3-9474-1A3956D46DE8}") = "Solution Items", "Solution Items", "{9E4BD90A-642C-419C-B843-EC8619AC5672}"
	ProjectSection(SolutionItems) = preProject
		BD_CIBCM\AccesoBaseDatos.cs = BD_CIBCM\AccesoBaseDatos.cs
	EndProjectSection
EndProject
Global
	GlobalSection(SolutionConfigurationPlatforms) = preSolution
		Debug|Any CPU = Debug|Any CPU
		Release|Any CPU = Release|Any CPU
	EndGlobalSection
	GlobalSection(ProjectConfigurationPlatforms) = postSolution
		{429728B3-C6F8-41FE-8FD6-3EAC1245EFC0}.Debug|Any CPU.ActiveCfg = Debug|Any CPU
		{429728B3-C6F8-41FE-8FD6-3EAC1245EFC0}.Debug|Any CPU.Build.0 = Debug|Any CPU
		{429728B3-C6F8-41FE-8FD6-3EAC1245EFC0}.Release|Any CPU.ActiveCfg = Release|Any CPU
		{429728B3-C6F8-41FE-8FD6-3EAC1245EFC0}.Release|Any CPU.Build.0 = Release|Any CPU
	EndGlobalSection
	GlobalSection(SolutionProperties) = preSolution
		HideSolutionNode = FALSE
	EndGlobalSection
EndGlobal
